
Microsoft Visual Studio Solution File, Format Version 12.00
# Visual Studio 14
VisualStudioVersion = 14.0.25420.1
MinimumVisualStudioVersion = 10.0.40219.1
Project("{FAE04EC0-301F-11D3-BF4B-00C04F79EFBC}") = "MES.Models", "MES.Models\MES.Models.csproj", "{27A38A3E-319B-4BA2-A16A-58221AE2F83B}"
EndProject
Project("{FAE04EC0-301F-11D3-BF4B-00C04F79EFBC}") = "MES.Data", "MES.Data\MES.Data.csproj", "{E55DFFC1-2353-49B5-B2B3-2A5701E380EE}"
EndProject
Project("{FAE04EC0-301F-11D3-BF4B-00C04F79EFBC}") = "MES.Common", "MES.Common\MES.Common.csproj", "{EA8077C8-8A15-4B89-A05D-46B848A92221}"
EndProject
Project("{FAE04EC0-301F-11D3-BF4B-00C04F79EFBC}") = "MES.Mvc", "MES.Mvc\MES.Mvc.csproj", "{4561C8D0-B50A-4F11-977A-C2E4B2652AE3}"
EndProject
Project("{FAE04EC0-301F-11D3-BF4B-00C04F79EFBC}") = "MES.Logics", "MES.Logics\MES.Logics.csproj", "{C4DCC53E-29D1-4193-B604-F9ED655FEAEC}"
EndProject
Global
	GlobalSection(SolutionConfigurationPlatforms) = preSolution
		Debug|Any CPU = Debug|Any CPU
		Release|Any CPU = Release|Any CPU
	EndGlobalSection
	GlobalSection(ProjectConfigurationPlatforms) = postSolution
		{27A38A3E-319B-4BA2-A16A-58221AE2F83B}.Debug|Any CPU.ActiveCfg = Debug|Any CPU
		{27A38A3E-319B-4BA2-A16A-58221AE2F83B}.Debug|Any CPU.Build.0 = Debug|Any CPU
		{27A38A3E-319B-4BA2-A16A-58221AE2F83B}.Release|Any CPU.ActiveCfg = Release|Any CPU
		{27A38A3E-319B-4BA2-A16A-58221AE2F83B}.Release|Any CPU.Build.0 = Release|Any CPU
		{E55DFFC1-2353-49B5-B2B3-2A5701E380EE}.Debug|Any CPU.ActiveCfg = Debug|Any CPU
		{E55DFFC1-2353-49B5-B2B3-2A5701E380EE}.Debug|Any CPU.Build.0 = Debug|Any CPU
		{E55DFFC1-2353-49B5-B2B3-2A5701E380EE}.Release|Any CPU.ActiveCfg = Release|Any CPU
		{E55DFFC1-2353-49B5-B2B3-2A5701E380EE}.Release|Any CPU.Build.0 = Release|Any CPU
		{EA8077C8-8A15-4B89-A05D-46B848A92221}.Debug|Any CPU.ActiveCfg = Debug|Any CPU
		{EA8077C8-8A15-4B89-A05D-46B848A92221}.Debug|Any CPU.Build.0 = Debug|Any CPU
		{EA8077C8-8A15-4B89-A05D-46B848A92221}.Release|Any CPU.ActiveCfg = Release|Any CPU
		{EA8077C8-8A15-4B89-A05D-46B848A92221}.Release|Any CPU.Build.0 = Release|Any CPU
		{4561C8D0-B50A-4F11-977A-C2E4B2652AE3}.Debug|Any CPU.ActiveCfg = Debug|Any CPU
		{4561C8D0-B50A-4F11-977A-C2E4B2652AE3}.Debug|Any CPU.Build.0 = Debug|Any CPU
		{4561C8D0-B50A-4F11-977A-C2E4B2652AE3}.Release|Any CPU.ActiveCfg = Release|Any CPU
		{4561C8D0-B50A-4F11-977A-C2E4B2652AE3}.Release|Any CPU.Build.0 = Release|Any CPU
		{C4DCC53E-29D1-4193-B604-F9ED655FEAEC}.Debug|Any CPU.ActiveCfg = Debug|Any CPU
		{C4DCC53E-29D1-4193-B604-F9ED655FEAEC}.Debug|Any CPU.Build.0 = Debug|Any CPU
		{C4DCC53E-29D1-4193-B604-F9ED655FEAEC}.Release|Any CPU.ActiveCfg = Release|Any CPU
		{C4DCC53E-29D1-4193-B604-F9ED655FEAEC}.Release|Any CPU.Build.0 = Release|Any CPU
	EndGlobalSection
	GlobalSection(SolutionProperties) = preSolution
		HideSolutionNode = FALSE
	EndGlobalSection
EndGlobal
